
Microsoft Visual Studio Solution File, Format Version 12.00
# Visual Studio 2013
VisualStudioVersion = 12.0.30723.0
MinimumVisualStudioVersion = 10.0.40219.1
Project("{2150E333-8FDC-42A3-9474-1A3956D46DE8}") = "SimpleFileManipulation", "SimpleFileManipulation", "{606418AF-359E-4EAF-A98D-2FFED9428967}"
EndProject
Project("{2150E333-8FDC-42A3-9474-1A3956D46DE8}") = "Solution Items", "Solution Items", "{1F8E5DDC-1535-422F-A57A-C74218D0EA64}"
	ProjectSection(SolutionItems) = preProject
		README.txt = README.txt
	EndProjectSection
EndProject
Project("{FAE04EC0-301F-11D3-BF4B-00C04F79EFBC}") = "OpenAndCloseFile", "OpenAndCloseFile\OpenAndCloseFile.csproj", "{F7BFEB51-89F4-46C7-8E50-C681BD8FF974}"
EndProject
Project("{2150E333-8FDC-42A3-9474-1A3956D46DE8}") = "Histograms", "Histograms", "{4F4EAA45-4C30-46AE-9791-052C79611616}"
EndProject
Project("{FAE04EC0-301F-11D3-BF4B-00C04F79EFBC}") = "FillSimpleHistogram", "FillSimpleHistogram\FillSimpleHistogram.csproj", "{80C4C22F-6819-425F-B96B-591396085BD1}"
EndProject
Global
	GlobalSection(SolutionConfigurationPlatforms) = preSolution
		Debug|Any CPU = Debug|Any CPU
		Release|Any CPU = Release|Any CPU
	EndGlobalSection
	GlobalSection(ProjectConfigurationPlatforms) = postSolution
		{F7BFEB51-89F4-46C7-8E50-C681BD8FF974}.Debug|Any CPU.ActiveCfg = Debug|Any CPU
		{F7BFEB51-89F4-46C7-8E50-C681BD8FF974}.Debug|Any CPU.Build.0 = Debug|Any CPU
		{F7BFEB51-89F4-46C7-8E50-C681BD8FF974}.Release|Any CPU.ActiveCfg = Release|Any CPU
		{F7BFEB51-89F4-46C7-8E50-C681BD8FF974}.Release|Any CPU.Build.0 = Release|Any CPU
		{80C4C22F-6819-425F-B96B-591396085BD1}.Debug|Any CPU.ActiveCfg = Debug|Any CPU
		{80C4C22F-6819-425F-B96B-591396085BD1}.Debug|Any CPU.Build.0 = Debug|Any CPU
		{80C4C22F-6819-425F-B96B-591396085BD1}.Release|Any CPU.ActiveCfg = Release|Any CPU
		{80C4C22F-6819-425F-B96B-591396085BD1}.Release|Any CPU.Build.0 = Release|Any CPU
	EndGlobalSection
	GlobalSection(SolutionProperties) = preSolution
		HideSolutionNode = FALSE
	EndGlobalSection
	GlobalSection(NestedProjects) = preSolution
		{F7BFEB51-89F4-46C7-8E50-C681BD8FF974} = {606418AF-359E-4EAF-A98D-2FFED9428967}
		{80C4C22F-6819-425F-B96B-591396085BD1} = {4F4EAA45-4C30-46AE-9791-052C79611616}
	EndGlobalSection
EndGlobal
